PODS:
  - Alamofire (4.0.1)
  - Realm (2.0.3):
    - Realm/Headers (= 2.0.3)
  - Realm/Headers (2.0.3)
  - RealmSwift (2.0.3):
    - Realm (= 2.0.3)
  - SwiftyDropbox (4.1.1):
    - Alamofire (~> 4.0.1)

DEPENDENCIES:
  - RealmSwift
  - SwiftyDropbox

SPEC CHECKSUMS:
  Alamofire: 7682d43245de14874acd142ec137b144aa1dd335
  Realm: 5f008bfe3c8c47142eddfc30b8c1584cde22db24
  RealmSwift: 5afb451f65b682242f272dbb52d5c6f6e343c980
  SwiftyDropbox: dfcd4d308d32d74729255b48833db61acdfb9c23

PODFILE CHECKSUM: 936d9f169cedf70d8825129637ffdaadc1590935

COCOAPODS: 1.0.1
